// !$*UTF8*$!
{
	archiveVersion = 1;
	classes = {
	};
	objectVersion = 50;
	objects = {

/* Begin PBXBuildFile section */
		259716DF238C711700F2A09B /* StarterView2.swift in Sources */ = {isa = PBXBuildFile; fileRef = 259716DE238C711700F2A09B /* StarterView2.swift */; };
		25AE12ED238B249100F47E9A /* AppDelegate.swift in Sources */ = {isa = PBXBuildFile; fileRef = 25AE12EC238B249100F47E9A /* AppDelegate.swift */; };
		25AE12EF238B249100F47E9A /* SceneDelegate.swift in Sources */ = {isa = PBXBuildFile; fileRef = 25AE12EE238B249100F47E9A /* SceneDelegate.swift */; };
		25AE12F1238B249100F47E9A /* StarterView1.swift in Sources */ = {isa = PBXBuildFile; fileRef = 25AE12F0238B249100F47E9A /* StarterView1.swift */; };
		25AE12F3238B249200F47E9A /* Assets.xcassets in Resources */ = {isa = PBXBuildFile; fileRef = 25AE12F2238B249200F47E9A /* Assets.xcassets */; };
		25AE12F6238B249200F47E9A /* Preview Assets.xcassets in Resources */ = {isa = PBXBuildFile; fileRef = 25AE12F5238B249200F47E9A /* Preview Assets.xcassets */; };
		25AE12F9238B249200F47E9A /* LaunchScreen.storyboard in Resources */ = {isa = PBXBuildFile; fileRef = 25AE12F7238B249200F47E9A /* LaunchScreen.storyboard */; };
		9551D0DB238D931B000573AA /* StarterView3.swift in Sources */ = {isa = PBXBuildFile; fileRef = 9551D0DA238D931B000573AA /* StarterView3.swift */; };
		9551D0DD238D935A000573AA /* ImagePicker.swift in Sources */ = {isa = PBXBuildFile; fileRef = 9551D0DC238D935A000573AA /* ImagePicker.swift */; };
		95BD75D0238EE6A500F6BA3D /* ContentView.swift in Sources */ = {isa = PBXBuildFile; fileRef = 95BD75CF238EE6A500F6BA3D /* ContentView.swift */; };
/* End PBXBuildFile section */

/* Begin PBXFileReference section */
		259716DE238C711700F2A09B /* StarterView2.swift */ = {isa = PBXFileReference; lastKnownFileType = sourcecode.swift; path = StarterView2.swift; sourceTree = "<group>"; };
		25AE12E9238B249100F47E9A /* Instafilter.app */ = {isa = PBXFileReference; explicitFileType = wrapper.application; includeInIndex = 0; path = Instafilter.app; sourceTree = BUILT_PRODUCTS_DIR; };
		25AE12EC238B249100F47E9A /* AppDelegate.swift */ = {isa = PBXFileReference; lastKnownFileType = sourcecode.swift; path = AppDelegate.swift; sourceTree = "<group>"; };
		25AE12EE238B249100F47E9A /* SceneDelegate.swift */ = {isa = PBXFileReference; lastKnownFileType = sourcecode.swift; path = SceneDelegate.swift; sourceTree = "<group>"; };
		25AE12F0238B249100F47E9A /* StarterView1.swift */ = {isa = PBXFileReference; lastKnownFileType = sourcecode.swift; path = StarterView1.swift; sourceTree = "<group>"; };
		25AE12F2238B249200F47E9A /* Assets.xcassets */ = {isa = PBXFileReference; lastKnownFileType = folder.assetcatalog; path = Assets.xcassets; sourceTree = "<group>"; };
		25AE12F5238B249200F47E9A /* Preview Assets.xcassets */ = {isa = PBXFileReference; lastKnownFileType = folder.assetcatalog; path = "Preview Assets.xcassets"; sourceTree = "<group>"; };
		25AE12F8238B249200F47E9A /* Base */ = {isa = PBXFileReference; lastKnownFileType = file.storyboard; name = Base; path = Base.lproj/LaunchScreen.storyboard; sourceTree = "<group>"; };
		25AE12FA238B249200F47E9A /* Info.plist */ = {isa = PBXFileReference; lastKnownFileType = text.plist.xml; path = Info.plist; sourceTree = "<group>"; };
		9551D0DA238D931B000573AA /* StarterView3.swift */ = {isa = PBXFileReference; lastKnownFileType = sourcecode.swift; path = StarterView3.swift; sourceTree = "<group>"; };
		9551D0DC238D935A000573AA /* ImagePicker.swift */ = {isa = PBXFileReference; lastKnownFileType = sourcecode.swift; path = ImagePicker.swift; sourceTree = "<group>"; };
		95BD75CF238EE6A500F6BA3D /* ContentView.swift */ = {isa = PBXFileReference; lastKnownFileType = sourcecode.swift; path = ContentView.swift; sourceTree = "<group>"; };
/* End PBXFileReference section */

/* Begin PBXFrameworksBuildPhase section */
		25AE12E6238B249100F47E9A /* Frameworks */ = {
			isa = PBXFrameworksBuildPhase;
			buildActionMask = 2147483647;
			files = (
			);
			runOnlyForDeploymentPostprocessing = 0;
		};
/* End PBXFrameworksBuildPhase section */

/* Begin PBXGroup section */
		25AE12E0238B249100F47E9A = {
			isa = PBXGroup;
			children = (
				25AE12EB238B249100F47E9A /* Instafilter */,
				25AE12EA238B249100F47E9A /* Products */,
			);
			sourceTree = "<group>";
		};
		25AE12EA238B249100F47E9A /* Products */ = {
			isa = PBXGroup;
			children = (
				25AE12E9238B249100F47E9A /* Instafilter.app */,
			);
			name = Products;
			sourceTree = "<group>";
		};
		25AE12EB238B249100F47E9A /* Instafilter */ = {
			isa = PBXGroup;
			children = (
				25AE12EC238B249100F47E9A /* AppDelegate.swift */,
				25AE12EE238B249100F47E9A /* SceneDelegate.swift */,
				95BD75CF238EE6A500F6BA3D /* ContentView.swift */,
				25AE12F2238B249200F47E9A /* Assets.xcassets */,
				25AE12F7238B249200F47E9A /* LaunchScreen.storyboard */,
				25AE12FA238B249200F47E9A /* Info.plist */,
				25AE12F4238B249200F47E9A /* Preview Content */,
				9551D0DC238D935A000573AA /* ImagePicker.swift */,
				25AE12F0238B249100F47E9A /* StarterView1.swift */,
				259716DE238C711700F2A09B /* StarterView2.swift */,
				9551D0DA238D931B000573AA /* StarterView3.swift */,
			);
			path = Instafilter;
			sourceTree = "<group>";
		};
		25AE12F4238B249200F47E9A /* Preview Content */ = {
			isa = PBXGroup;
			children = (
				25AE12F5238B249200F47E9A /* Preview Assets.xcassets */,
			);
			path = "Preview Content";
			sourceTree = "<group>";
		};
/* End PBXGroup section */

/* Begin PBXNativeTarget section */
		25AE12E8238B249100F47E9A /* Instafilter */ = {
			isa = PBXNativeTarget;
			buildConfigurationList = 25AE12FD238B249200F47E9A /* Build configuration list for PBXNativeTarget "Instafilter" */;
			buildPhases = (
				25AE12E5238B249100F47E9A /* Sources */,
				25AE12E6238B249100F47E9A /* Frameworks */,
				25AE12E7238B249100F47E9A /* Resources */,
			);
			buildRules = (
			);
			dependencies = (
			);
			name = Instafilter;
			productName = Instafilter;
			productReference = 25AE12E9238B249100F47E9A /* Instafilter.app */;
			productType = "com.apple.product-type.application";
		};
/* End PBXNativeTarget section */

/* Begin PBXProject section */
		25AE12E1238B249100F47E9A /* Project object */ = {
			isa = PBXProject;
			attributes = {
				LastSwiftUpdateCheck = 1120;
				LastUpgradeCheck = 1120;
				ORGANIZATIONNAME = "Németh Gergely";
				TargetAttributes = {
					25AE12E8238B249100F47E9A = {
						CreatedOnToolsVersion = 11.2.1;
					};
				};
			};
			buildConfigurationList = 25AE12E4238B249100F47E9A /* Build configuration list for PBXProject "Instafilter" */;
			compatibilityVersion = "Xcode 9.3";
			developmentRegion = en;
			hasScannedForEncodings = 0;
			knownRegions = (
				en,
				Base,
			);
			mainGroup = 25AE12E0238B249100F47E9A;
			productRefGroup = 25AE12EA238B249100F47E9A /* Products */;
			projectDirPath = "";
			projectRoot = "";
			targets = (
				25AE12E8238B249100F47E9A /* Instafilter */,
			);
		};
/* End PBXProject section */

/* Begin PBXResourcesBuildPhase section */
		25AE12E7238B249100F47E9A /* Resources */ = {
			isa = PBXResourcesBuildPhase;
			buildActionMask = 2147483647;
			files = (
				25AE12F9238B249200F47E9A /* LaunchScreen.storyboard in Resources */,
				25AE12F6238B249200F47E9A /* Preview Assets.xcassets in Resources */,
				25AE12F3238B249200F47E9A /* Assets.xcassets in Resources */,
			);
			runOnlyForDeploymentPostprocessing = 0;
		};
/* End PBXResourcesBuildPhase section */

/* Begin PBXSourcesBuildPhase section */
		25AE12E5238B249100F47E9A /* Sources */ = {
			isa = PBXSourcesBuildPhase;
			buildActionMask = 2147483647;
			files = (
				25AE12ED238B249100F47E9A /* AppDelegate.swift in Sources */,
				9551D0DB238D931B000573AA /* StarterView3.swift in Sources */,
				95BD75D0238EE6A500F6BA3D /* ContentView.swift in Sources */,
				25AE12EF238B249100F47E9A /* SceneDelegate.swift in Sources */,
				9551D0DD238D935A000573AA /* ImagePicker.swift in Sources */,
				25AE12F1238B249100F47E9A /* StarterView1.swift in Sources */,
				259716DF238C711700F2A09B /* StarterView2.swift in Sources */,
			);
			runOnlyForDeploymentPostprocessing = 0;
		};
/* End PBXSourcesBuildPhase section */

/* Begin PBXVariantGroup section */
		25AE12F7238B249200F47E9A /* LaunchScreen.storyboard */ = {
			isa = PBXVariantGroup;
			children = (
				25AE12F8238B249200F47E9A /* Base */,
			);
			name = LaunchScreen.storyboard;
			sourceTree = "<group>";
		};
/* End PBXVariantGroup section */

/* Begin XCBuildConfiguration section */
		25AE12FB238B249200F47E9A /* Debug */ = {
			isa = XCBuildConfiguration;
			buildSettings = {
				ALWAYS_SEARCH_USER_PATHS = NO;
				CLANG_ANALYZER_NONNULL = YES;
				CLANG_ANALYZER_NUMBER_OBJECT_CONVERSION = YES_AGGRESSIVE;
				CLANG_CXX_LANGUAGE_STANDARD = "gnu++14";
				CLANG_CXX_LIBRARY = "libc++";
				CLANG_ENABLE_MODULES = YES;
				CLANG_ENABLE_OBJC_ARC = YES;
				CLANG_ENABLE_OBJC_WEAK = YES;
				CLANG_WARN_BLOCK_CAPTURE_AUTORELEASING = YES;
				CLANG_WARN_BOOL_CONVERSION = YES;
				CLANG_WARN_COMMA = YES;
				CLANG_WARN_CONSTANT_CONVERSION = YES;
				CLANG_WARN_DEPRECATED_OBJC_IMPLEMENTATIONS = YES;
				CLANG_WARN_DIRECT_OBJC_ISA_USAGE = YES_ERROR;
				CLANG_WARN_DOCUMENTATION_COMMENTS = YES;
				CLANG_WARN_EMPTY_BODY = YES;
				CLANG_WARN_ENUM_CONVERSION = YES;
				CLANG_WARN_INFINITE_RECURSION = YES;
				CLANG_WARN_INT_CONVERSION = YES;
				CLANG_WARN_NON_LITERAL_NULL_CONVERSION = YES;
				CLANG_WARN_OBJC_IMPLICIT_RETAIN_SELF = YES;
				CLANG_WARN_OBJC_LITERAL_CONVERSION = YES;
				CLANG_WARN_OBJC_ROOT_CLASS = YES_ERROR;
				CLANG_WARN_RANGE_LOOP_ANALYSIS = YES;
				CLANG_WARN_STRICT_PROTOTYPES = YES;
				CLANG_WARN_SUSPICIOUS_MOVE = YES;
				CLANG_WARN_UNGUARDED_AVAILABILITY = YES_AGGRESSIVE;
				CLANG_WARN_UNREACHABLE_CODE = YES;
				CLANG_WARN__DUPLICATE_METHOD_MATCH = YES;
				COPY_PHASE_STRIP = NO;
				DEBUG_INFORMATION_FORMAT = dwarf;
				ENABLE_STRICT_OBJC_MSGSEND = YES;
				ENABLE_TESTABILITY = YES;
				GCC_C_LANGUAGE_STANDARD = gnu11;
				GCC_DYNAMIC_NO_PIC = NO;
				GCC_NO_COMMON_BLOCKS = YES;
				GCC_OPTIMIZATION_LEVEL = 0;
				GCC_PREPROCESSOR_DEFINITIONS = (
					"DEBUG=1",
					"$(inherited)",
				);
				GCC_WARN_64_TO_32_BIT_CONVERSION = YES;
				GCC_WARN_ABOUT_RETURN_TYPE = YES_ERROR;
				GCC_WARN_UNDECLARED_SELECTOR = YES;
				GCC_WARN_UNINITIALIZED_AUTOS = YES_AGGRESSIVE;
				GCC_WARN_UNUSED_FUNCTION = YES;
				GCC_WARN_UNUSED_VARIABLE = YES;
				IPHONEOS_DEPLOYMENT_TARGET = 13.2;
				MTL_ENABLE_DEBUG_INFO = INCLUDE_SOURCE;
				MTL_FAST_MATH = YES;
				ONLY_ACTIVE_ARCH = YES;
				SDKROOT = iphoneos;
				SWIFT_ACTIVE_COMPILATION_CONDITIONS = DEBUG;
				SWIFT_OPTIMIZATION_LEVEL = "-Onone";
			};
			name = Debug;
		};
		25AE12FC238B249200F47E9A /* Release */ = {
			isa = XCBuildConfiguration;
			buildSettings = {
				ALWAYS_SEARCH_USER_PATHS = NO;
				CLANG_ANALYZER_NONNULL = YES;
				CLANG_ANALYZER_NUMBER_OBJECT_CONVERSION = YES_AGGRESSIVE;
				CLANG_CXX_LANGUAGE_STANDARD = "gnu++14";
				CLANG_CXX_LIBRARY = "libc++";
				CLANG_ENABLE_MODULES = YES;
				CLANG_ENABLE_OBJC_ARC = YES;
				CLANG_ENABLE_OBJC_WEAK = YES;
				CLANG_WARN_BLOCK_CAPTURE_AUTORELEASING = YES;
				CLANG_WARN_BOOL_CONVERSION = YES;
				CLANG_WARN_COMMA = YES;
				CLANG_WARN_CONSTANT_CONVERSION = YES;
				CLANG_WARN_DEPRECATED_OBJC_IMPLEMENTATIONS = YES;
				CLANG_WARN_DIRECT_OBJC_ISA_USAGE = YES_ERROR;
				CLANG_WARN_DOCUMENTATION_COMMENTS = YES;
				CLANG_WARN_EMPTY_BODY = YES;
				CLANG_WARN_ENUM_CONVERSION = YES;
				CLANG_WARN_INFINITE_RECURSION = YES;
				CLANG_WARN_INT_CONVERSION = YES;
				CLANG_WARN_NON_LITERAL_NULL_CONVERSION = YES;
				CLANG_WARN_OBJC_IMPLICIT_RETAIN_SELF = YES;
				CLANG_WARN_OBJC_LITERAL_CONVERSION = YES;
				CLANG_WARN_OBJC_ROOT_CLASS = YES_ERROR;
				CLANG_WARN_RANGE_LOOP_ANALYSIS = YES;
				CLANG_WARN_STRICT_PROTOTYPES = YES;
				CLANG_WARN_SUSPICIOUS_MOVE = YES;
				CLANG_WARN_UNGUARDED_AVAILABILITY = YES_AGGRESSIVE;
				CLANG_WARN_UNREACHABLE_CODE = YES;
				CLANG_WARN__DUPLICATE_METHOD_MATCH = YES;
				COPY_PHASE_STRIP = NO;
				DEBUG_INFORMATION_FORMAT = "dwarf-with-dsym";
				ENABLE_NS_ASSERTIONS = NO;
				ENABLE_STRICT_OBJC_MSGSEND = YES;
				GCC_C_LANGUAGE_STANDARD = gnu11;
				GCC_NO_COMMON_BLOCKS = YES;
				GCC_WARN_64_TO_32_BIT_CONVERSION = YES;
				GCC_WARN_ABOUT_RETURN_TYPE = YES_ERROR;
				GCC_WARN_UNDECLARED_SELECTOR = YES;
				GCC_WARN_UNINITIALIZED_AUTOS = YES_AGGRESSIVE;
				GCC_WARN_UNUSED_FUNCTION = YES;
				GCC_WARN_UNUSED_VARIABLE = YES;
				IPHONEOS_DEPLOYMENT_TARGET = 13.2;
				MTL_ENABLE_DEBUG_INFO = NO;
				MTL_FAST_MATH = YES;
				SDKROOT = iphoneos;
				SWIFT_COMPILATION_MODE = wholemodule;
				SWIFT_OPTIMIZATION_LEVEL = "-O";
				VALIDATE_PRODUCT = YES;
			};
			name = Release;
		};
		25AE12FE238B249200F47E9A /* Debug */ = {
			isa = XCBuildConfiguration;
			buildSettings = {
				ASSETCATALOG_COMPILER_APPICON_NAME = AppIcon;
				CODE_SIGN_STYLE = Automatic;
				DEVELOPMENT_ASSET_PATHS = "\"Instafilter/Preview Content\"";
				ENABLE_PREVIEWS = YES;
				INFOPLIST_FILE = Instafilter/Info.plist;
				LD_RUNPATH_SEARCH_PATHS = (
					"$(inherited)",
					"@executable_path/Frameworks",
				);
				PRODUCT_BUNDLE_IDENTIFIER = com.gergelynemeth.Instafilter;
				PRODUCT_NAME = "$(TARGET_NAME)";
				SWIFT_VERSION = 5.0;
				TARGETED_DEVICE_FAMILY = "1,2";
			};
			name = Debug;
		};
		25AE12FF238B249200F47E9A /* Release */ = {
			isa = XCBuildConfiguration;
			buildSettings = {
				ASSETCATALOG_COMPILER_APPICON_NAME = AppIcon;
				CODE_SIGN_STYLE = Automatic;
				DEVELOPMENT_ASSET_PATHS = "\"Instafilter/Preview Content\"";
				ENABLE_PREVIEWS = YES;
				INFOPLIST_FILE = Instafilter/Info.plist;
				LD_RUNPATH_SEARCH_PATHS = (
					"$(inherited)",
					"@executable_path/Frameworks",
				);
				PRODUCT_BUNDLE_IDENTIFIER = com.gergelynemeth.Instafilter;
				PRODUCT_NAME = "$(TARGET_NAME)";
				SWIFT_VERSION = 5.0;
				TARGETED_DEVICE_FAMILY = "1,2";
			};
			name = Release;
		};
/* End XCBuildConfiguration section */

/* Begin XCConfigurationList section */
		25AE12E4238B249100F47E9A /* Build configuration list for PBXProject "Instafilter" */ = {
			isa = XCConfigurationList;
			buildConfigurations = (
				25AE12FB238B249200F47E9A /* Debug */,
				25AE12FC238B249200F47E9A /* Release */,
			);
			defaultConfigurationIsVisible = 0;
			defaultConfigurationName = Release;
		};
		25AE12FD238B249200F47E9A /* Build configuration list for PBXNativeTarget "Instafilter" */ = {
			isa = XCConfigurationList;
			buildConfigurations = (
				25AE12FE238B249200F47E9A /* Debug */,
				25AE12FF238B249200F47E9A /* Release */,
			);
			defaultConfigurationIsVisible = 0;
			defaultConfigurationName = Release;
		};
/* End XCConfigurationList section */
	};
	rootObject = 25AE12E1238B249100F47E9A /* Project object */;
}
