// !$*UTF8*$!
{
	archiveVersion = 1;
	classes = {
	};
	objectVersion = 50;
	objects = {

/* Begin PBXBuildFile section */
		250E49C2236E1821008F2900 /* Mission.swift in Sources */ = {isa = PBXBuildFile; fileRef = 250E49C1236E1821008F2900 /* Mission.swift */; };
		2575600823709E17009B05EE /* AstronautViewModel.swift in Sources */ = {isa = PBXBuildFile; fileRef = 2575600723709E17009B05EE /* AstronautViewModel.swift */; };
		257F76FD236C676B0003146A /* AppDelegate.swift in Sources */ = {isa = PBXBuildFile; fileRef = 257F76FC236C676B0003146A /* AppDelegate.swift */; };
		257F76FF236C676B0003146A /* SceneDelegate.swift in Sources */ = {isa = PBXBuildFile; fileRef = 257F76FE236C676B0003146A /* SceneDelegate.swift */; };
		257F7703236C676C0003146A /* Assets.xcassets in Resources */ = {isa = PBXBuildFile; fileRef = 257F7702236C676C0003146A /* Assets.xcassets */; };
		257F7706236C676C0003146A /* Preview Assets.xcassets in Resources */ = {isa = PBXBuildFile; fileRef = 257F7705236C676C0003146A /* Preview Assets.xcassets */; };
		257F7709236C676C0003146A /* LaunchScreen.storyboard in Resources */ = {isa = PBXBuildFile; fileRef = 257F7707236C676C0003146A /* LaunchScreen.storyboard */; };
		257F7711236C6F5E0003146A /* MissionListView.swift in Sources */ = {isa = PBXBuildFile; fileRef = 257F7710236C6F5E0003146A /* MissionListView.swift */; };
		25E901CD236E14F3005C87E2 /* astronauts.json in Resources */ = {isa = PBXBuildFile; fileRef = 25E901CC236E14F3005C87E2 /* astronauts.json */; };
		25E901CF236E14F8005C87E2 /* missions.json in Resources */ = {isa = PBXBuildFile; fileRef = 25E901CE236E14F8005C87E2 /* missions.json */; };
		25E901D2236E1544005C87E2 /* Astronaut.swift in Sources */ = {isa = PBXBuildFile; fileRef = 25E901D1236E1544005C87E2 /* Astronaut.swift */; };
		25E901D4236E1596005C87E2 /* Bundle+Extensions.swift in Sources */ = {isa = PBXBuildFile; fileRef = 25E901D3236E1596005C87E2 /* Bundle+Extensions.swift */; };
		25F62338236F297E0005DC4E /* MissionView.swift in Sources */ = {isa = PBXBuildFile; fileRef = 25F62337236F297E0005DC4E /* MissionView.swift */; };
		25F6233A236F30C80005DC4E /* AstronautView.swift in Sources */ = {isa = PBXBuildFile; fileRef = 25F62339236F30C80005DC4E /* AstronautView.swift */; };
/* End PBXBuildFile section */

/* Begin PBXFileReference section */
		250E49C1236E1821008F2900 /* Mission.swift */ = {isa = PBXFileReference; lastKnownFileType = sourcecode.swift; path = Mission.swift; sourceTree = "<group>"; };
		2575600723709E17009B05EE /* AstronautViewModel.swift */ = {isa = PBXFileReference; lastKnownFileType = sourcecode.swift; path = AstronautViewModel.swift; sourceTree = "<group>"; };
		257F76F9236C676B0003146A /* Moonshot.app */ = {isa = PBXFileReference; explicitFileType = wrapper.application; includeInIndex = 0; path = Moonshot.app; sourceTree = BUILT_PRODUCTS_DIR; };
		257F76FC236C676B0003146A /* AppDelegate.swift */ = {isa = PBXFileReference; lastKnownFileType = sourcecode.swift; path = AppDelegate.swift; sourceTree = "<group>"; };
		257F76FE236C676B0003146A /* SceneDelegate.swift */ = {isa = PBXFileReference; lastKnownFileType = sourcecode.swift; path = SceneDelegate.swift; sourceTree = "<group>"; };
		257F7702236C676C0003146A /* Assets.xcassets */ = {isa = PBXFileReference; lastKnownFileType = folder.assetcatalog; path = Assets.xcassets; sourceTree = "<group>"; };
		257F7705236C676C0003146A /* Preview Assets.xcassets */ = {isa = PBXFileReference; lastKnownFileType = folder.assetcatalog; path = "Preview Assets.xcassets"; sourceTree = "<group>"; };
		257F7708236C676C0003146A /* Base */ = {isa = PBXFileReference; lastKnownFileType = file.storyboard; name = Base; path = Base.lproj/LaunchScreen.storyboard; sourceTree = "<group>"; };
		257F770A236C676C0003146A /* Info.plist */ = {isa = PBXFileReference; lastKnownFileType = text.plist.xml; path = Info.plist; sourceTree = "<group>"; };
		257F7710236C6F5E0003146A /* MissionListView.swift */ = {isa = PBXFileReference; lastKnownFileType = sourcecode.swift; path = MissionListView.swift; sourceTree = "<group>"; };
		25E901CC236E14F3005C87E2 /* astronauts.json */ = {isa = PBXFileReference; fileEncoding = 4; lastKnownFileType = text.json; path = astronauts.json; sourceTree = "<group>"; };
		25E901CE236E14F8005C87E2 /* missions.json */ = {isa = PBXFileReference; fileEncoding = 4; lastKnownFileType = text.json; path = missions.json; sourceTree = "<group>"; };
		25E901D1236E1544005C87E2 /* Astronaut.swift */ = {isa = PBXFileReference; lastKnownFileType = sourcecode.swift; path = Astronaut.swift; sourceTree = "<group>"; };
		25E901D3236E1596005C87E2 /* Bundle+Extensions.swift */ = {isa = PBXFileReference; lastKnownFileType = sourcecode.swift; path = "Bundle+Extensions.swift"; sourceTree = "<group>"; };
		25F62337236F297E0005DC4E /* MissionView.swift */ = {isa = PBXFileReference; lastKnownFileType = sourcecode.swift; path = MissionView.swift; sourceTree = "<group>"; };
		25F62339236F30C80005DC4E /* AstronautView.swift */ = {isa = PBXFileReference; lastKnownFileType = sourcecode.swift; path = AstronautView.swift; sourceTree = "<group>"; };
/* End PBXFileReference section */

/* Begin PBXFrameworksBuildPhase section */
		257F76F6236C676B0003146A /* Frameworks */ = {
			isa = PBXFrameworksBuildPhase;
			buildActionMask = 2147483647;
			files = (
			);
			runOnlyForDeploymentPostprocessing = 0;
		};
/* End PBXFrameworksBuildPhase section */

/* Begin PBXGroup section */
		2575600123709C59009B05EE /* MissionList */ = {
			isa = PBXGroup;
			children = (
				257F7710236C6F5E0003146A /* MissionListView.swift */,
			);
			path = MissionList;
			sourceTree = "<group>";
		};
		2575600223709C65009B05EE /* Mission */ = {
			isa = PBXGroup;
			children = (
				250E49C1236E1821008F2900 /* Mission.swift */,
				25F62337236F297E0005DC4E /* MissionView.swift */,
			);
			path = Mission;
			sourceTree = "<group>";
		};
		2575600323709C73009B05EE /* Astronaut */ = {
			isa = PBXGroup;
			children = (
				25E901D1236E1544005C87E2 /* Astronaut.swift */,
				25F62339236F30C80005DC4E /* AstronautView.swift */,
				2575600723709E17009B05EE /* AstronautViewModel.swift */,
			);
			path = Astronaut;
			sourceTree = "<group>";
		};
		2575600423709CB4009B05EE /* Utility */ = {
			isa = PBXGroup;
			children = (
				25E901D3236E1596005C87E2 /* Bundle+Extensions.swift */,
			);
			path = Utility;
			sourceTree = "<group>";
		};
		2575600523709D56009B05EE /* Data */ = {
			isa = PBXGroup;
			children = (
				25E901CC236E14F3005C87E2 /* astronauts.json */,
				25E901CE236E14F8005C87E2 /* missions.json */,
			);
			path = Data;
			sourceTree = "<group>";
		};
		2575600623709D81009B05EE /* Modules */ = {
			isa = PBXGroup;
			children = (
				2575600323709C73009B05EE /* Astronaut */,
				2575600223709C65009B05EE /* Mission */,
				2575600123709C59009B05EE /* MissionList */,
			);
			path = Modules;
			sourceTree = "<group>";
		};
		257F76F0236C676B0003146A = {
			isa = PBXGroup;
			children = (
				257F76FB236C676B0003146A /* Moonshot */,
				257F76FA236C676B0003146A /* Products */,
			);
			sourceTree = "<group>";
		};
		257F76FA236C676B0003146A /* Products */ = {
			isa = PBXGroup;
			children = (
				257F76F9236C676B0003146A /* Moonshot.app */,
			);
			name = Products;
			sourceTree = "<group>";
		};
		257F76FB236C676B0003146A /* Moonshot */ = {
			isa = PBXGroup;
			children = (
				257F76FC236C676B0003146A /* AppDelegate.swift */,
				2575600623709D81009B05EE /* Modules */,
				257F7704236C676C0003146A /* Preview Content */,
				25E901D0236E150A005C87E2 /* Resources */,
				257F76FE236C676B0003146A /* SceneDelegate.swift */,
				2575600423709CB4009B05EE /* Utility */,
			);
			path = Moonshot;
			sourceTree = "<group>";
		};
		257F7704236C676C0003146A /* Preview Content */ = {
			isa = PBXGroup;
			children = (
				257F7705236C676C0003146A /* Preview Assets.xcassets */,
			);
			path = "Preview Content";
			sourceTree = "<group>";
		};
		25E901D0236E150A005C87E2 /* Resources */ = {
			isa = PBXGroup;
			children = (
				2575600523709D56009B05EE /* Data */,
				257F7702236C676C0003146A /* Assets.xcassets */,
				257F770A236C676C0003146A /* Info.plist */,
				257F7707236C676C0003146A /* LaunchScreen.storyboard */,
			);
			path = Resources;
			sourceTree = "<group>";
		};
/* End PBXGroup section */

/* Begin PBXNativeTarget section */
		257F76F8236C676B0003146A /* Moonshot */ = {
			isa = PBXNativeTarget;
			buildConfigurationList = 257F770D236C676C0003146A /* Build configuration list for PBXNativeTarget "Moonshot" */;
			buildPhases = (
				257F76F5236C676B0003146A /* Sources */,
				257F76F6236C676B0003146A /* Frameworks */,
				257F76F7236C676B0003146A /* Resources */,
			);
			buildRules = (
			);
			dependencies = (
			);
			name = Moonshot;
			productName = Moonshot;
			productReference = 257F76F9236C676B0003146A /* Moonshot.app */;
			productType = "com.apple.product-type.application";
		};
/* End PBXNativeTarget section */

/* Begin PBXProject section */
		257F76F1236C676B0003146A /* Project object */ = {
			isa = PBXProject;
			attributes = {
				LastSwiftUpdateCheck = 1110;
				LastUpgradeCheck = 1110;
				ORGANIZATIONNAME = "Németh Gergely";
				TargetAttributes = {
					257F76F8236C676B0003146A = {
						CreatedOnToolsVersion = 11.1;
					};
				};
			};
			buildConfigurationList = 257F76F4236C676B0003146A /* Build configuration list for PBXProject "Moonshot" */;
			compatibilityVersion = "Xcode 9.3";
			developmentRegion = en;
			hasScannedForEncodings = 0;
			knownRegions = (
				en,
				Base,
			);
			mainGroup = 257F76F0236C676B0003146A;
			productRefGroup = 257F76FA236C676B0003146A /* Products */;
			projectDirPath = "";
			projectRoot = "";
			targets = (
				257F76F8236C676B0003146A /* Moonshot */,
			);
		};
/* End PBXProject section */

/* Begin PBXResourcesBuildPhase section */
		257F76F7236C676B0003146A /* Resources */ = {
			isa = PBXResourcesBuildPhase;
			buildActionMask = 2147483647;
			files = (
				257F7709236C676C0003146A /* LaunchScreen.storyboard in Resources */,
				25E901CF236E14F8005C87E2 /* missions.json in Resources */,
				257F7706236C676C0003146A /* Preview Assets.xcassets in Resources */,
				257F7703236C676C0003146A /* Assets.xcassets in Resources */,
				25E901CD236E14F3005C87E2 /* astronauts.json in Resources */,
			);
			runOnlyForDeploymentPostprocessing = 0;
		};
/* End PBXResourcesBuildPhase section */

/* Begin PBXSourcesBuildPhase section */
		257F76F5236C676B0003146A /* Sources */ = {
			isa = PBXSourcesBuildPhase;
			buildActionMask = 2147483647;
			files = (
				257F76FD236C676B0003146A /* AppDelegate.swift in Sources */,
				25F6233A236F30C80005DC4E /* AstronautView.swift in Sources */,
				25F62338236F297E0005DC4E /* MissionView.swift in Sources */,
				257F76FF236C676B0003146A /* SceneDelegate.swift in Sources */,
				25E901D2236E1544005C87E2 /* Astronaut.swift in Sources */,
				257F7711236C6F5E0003146A /* MissionListView.swift in Sources */,
				250E49C2236E1821008F2900 /* Mission.swift in Sources */,
				25E901D4236E1596005C87E2 /* Bundle+Extensions.swift in Sources */,
				2575600823709E17009B05EE /* AstronautViewModel.swift in Sources */,
			);
			runOnlyForDeploymentPostprocessing = 0;
		};
/* End PBXSourcesBuildPhase section */

/* Begin PBXVariantGroup section */
		257F7707236C676C0003146A /* LaunchScreen.storyboard */ = {
			isa = PBXVariantGroup;
			children = (
				257F7708236C676C0003146A /* Base */,
			);
			name = LaunchScreen.storyboard;
			sourceTree = "<group>";
		};
/* End PBXVariantGroup section */

/* Begin XCBuildConfiguration section */
		257F770B236C676C0003146A /* Debug */ = {
			isa = XCBuildConfiguration;
			buildSettings = {
				ALWAYS_SEARCH_USER_PATHS = NO;
				CLANG_ANALYZER_NONNULL = YES;
				CLANG_ANALYZER_NUMBER_OBJECT_CONVERSION = YES_AGGRESSIVE;
				CLANG_CXX_LANGUAGE_STANDARD = "gnu++14";
				CLANG_CXX_LIBRARY = "libc++";
				CLANG_ENABLE_MODULES = YES;
				CLANG_ENABLE_OBJC_ARC = YES;
				CLANG_ENABLE_OBJC_WEAK = YES;
				CLANG_WARN_BLOCK_CAPTURE_AUTORELEASING = YES;
				CLANG_WARN_BOOL_CONVERSION = YES;
				CLANG_WARN_COMMA = YES;
				CLANG_WARN_CONSTANT_CONVERSION = YES;
				CLANG_WARN_DEPRECATED_OBJC_IMPLEMENTATIONS = YES;
				CLANG_WARN_DIRECT_OBJC_ISA_USAGE = YES_ERROR;
				CLANG_WARN_DOCUMENTATION_COMMENTS = YES;
				CLANG_WARN_EMPTY_BODY = YES;
				CLANG_WARN_ENUM_CONVERSION = YES;
				CLANG_WARN_INFINITE_RECURSION = YES;
				CLANG_WARN_INT_CONVERSION = YES;
				CLANG_WARN_NON_LITERAL_NULL_CONVERSION = YES;
				CLANG_WARN_OBJC_IMPLICIT_RETAIN_SELF = YES;
				CLANG_WARN_OBJC_LITERAL_CONVERSION = YES;
				CLANG_WARN_OBJC_ROOT_CLASS = YES_ERROR;
				CLANG_WARN_RANGE_LOOP_ANALYSIS = YES;
				CLANG_WARN_STRICT_PROTOTYPES = YES;
				CLANG_WARN_SUSPICIOUS_MOVE = YES;
				CLANG_WARN_UNGUARDED_AVAILABILITY = YES_AGGRESSIVE;
				CLANG_WARN_UNREACHABLE_CODE = YES;
				CLANG_WARN__DUPLICATE_METHOD_MATCH = YES;
				COPY_PHASE_STRIP = NO;
				DEBUG_INFORMATION_FORMAT = dwarf;
				ENABLE_STRICT_OBJC_MSGSEND = YES;
				ENABLE_TESTABILITY = YES;
				GCC_C_LANGUAGE_STANDARD = gnu11;
				GCC_DYNAMIC_NO_PIC = NO;
				GCC_NO_COMMON_BLOCKS = YES;
				GCC_OPTIMIZATION_LEVEL = 0;
				GCC_PREPROCESSOR_DEFINITIONS = (
					"DEBUG=1",
					"$(inherited)",
				);
				GCC_WARN_64_TO_32_BIT_CONVERSION = YES;
				GCC_WARN_ABOUT_RETURN_TYPE = YES_ERROR;
				GCC_WARN_UNDECLARED_SELECTOR = YES;
				GCC_WARN_UNINITIALIZED_AUTOS = YES_AGGRESSIVE;
				GCC_WARN_UNUSED_FUNCTION = YES;
				GCC_WARN_UNUSED_VARIABLE = YES;
				IPHONEOS_DEPLOYMENT_TARGET = 13.1;
				MTL_ENABLE_DEBUG_INFO = INCLUDE_SOURCE;
				MTL_FAST_MATH = YES;
				ONLY_ACTIVE_ARCH = YES;
				SDKROOT = iphoneos;
				SWIFT_ACTIVE_COMPILATION_CONDITIONS = DEBUG;
				SWIFT_OPTIMIZATION_LEVEL = "-Onone";
			};
			name = Debug;
		};
		257F770C236C676C0003146A /* Release */ = {
			isa = XCBuildConfiguration;
			buildSettings = {
				ALWAYS_SEARCH_USER_PATHS = NO;
				CLANG_ANALYZER_NONNULL = YES;
				CLANG_ANALYZER_NUMBER_OBJECT_CONVERSION = YES_AGGRESSIVE;
				CLANG_CXX_LANGUAGE_STANDARD = "gnu++14";
				CLANG_CXX_LIBRARY = "libc++";
				CLANG_ENABLE_MODULES = YES;
				CLANG_ENABLE_OBJC_ARC = YES;
				CLANG_ENABLE_OBJC_WEAK = YES;
				CLANG_WARN_BLOCK_CAPTURE_AUTORELEASING = YES;
				CLANG_WARN_BOOL_CONVERSION = YES;
				CLANG_WARN_COMMA = YES;
				CLANG_WARN_CONSTANT_CONVERSION = YES;
				CLANG_WARN_DEPRECATED_OBJC_IMPLEMENTATIONS = YES;
				CLANG_WARN_DIRECT_OBJC_ISA_USAGE = YES_ERROR;
				CLANG_WARN_DOCUMENTATION_COMMENTS = YES;
				CLANG_WARN_EMPTY_BODY = YES;
				CLANG_WARN_ENUM_CONVERSION = YES;
				CLANG_WARN_INFINITE_RECURSION = YES;
				CLANG_WARN_INT_CONVERSION = YES;
				CLANG_WARN_NON_LITERAL_NULL_CONVERSION = YES;
				CLANG_WARN_OBJC_IMPLICIT_RETAIN_SELF = YES;
				CLANG_WARN_OBJC_LITERAL_CONVERSION = YES;
				CLANG_WARN_OBJC_ROOT_CLASS = YES_ERROR;
				CLANG_WARN_RANGE_LOOP_ANALYSIS = YES;
				CLANG_WARN_STRICT_PROTOTYPES = YES;
				CLANG_WARN_SUSPICIOUS_MOVE = YES;
				CLANG_WARN_UNGUARDED_AVAILABILITY = YES_AGGRESSIVE;
				CLANG_WARN_UNREACHABLE_CODE = YES;
				CLANG_WARN__DUPLICATE_METHOD_MATCH = YES;
				COPY_PHASE_STRIP = NO;
				DEBUG_INFORMATION_FORMAT = "dwarf-with-dsym";
				ENABLE_NS_ASSERTIONS = NO;
				ENABLE_STRICT_OBJC_MSGSEND = YES;
				GCC_C_LANGUAGE_STANDARD = gnu11;
				GCC_NO_COMMON_BLOCKS = YES;
				GCC_WARN_64_TO_32_BIT_CONVERSION = YES;
				GCC_WARN_ABOUT_RETURN_TYPE = YES_ERROR;
				GCC_WARN_UNDECLARED_SELECTOR = YES;
				GCC_WARN_UNINITIALIZED_AUTOS = YES_AGGRESSIVE;
				GCC_WARN_UNUSED_FUNCTION = YES;
				GCC_WARN_UNUSED_VARIABLE = YES;
				IPHONEOS_DEPLOYMENT_TARGET = 13.1;
				MTL_ENABLE_DEBUG_INFO = NO;
				MTL_FAST_MATH = YES;
				SDKROOT = iphoneos;
				SWIFT_COMPILATION_MODE = wholemodule;
				SWIFT_OPTIMIZATION_LEVEL = "-O";
				VALIDATE_PRODUCT = YES;
			};
			name = Release;
		};
		257F770E236C676C0003146A /* Debug */ = {
			isa = XCBuildConfiguration;
			buildSettings = {
				ASSETCATALOG_COMPILER_APPICON_NAME = AppIcon;
				CODE_SIGN_STYLE = Manual;
				DEVELOPMENT_ASSET_PATHS = "\"Moonshot/Preview Content\"";
				DEVELOPMENT_TEAM = "";
				ENABLE_PREVIEWS = YES;
				INFOPLIST_FILE = Moonshot/Resources/Info.plist;
				LD_RUNPATH_SEARCH_PATHS = (
					"$(inherited)",
					"@executable_path/Frameworks",
				);
				PRODUCT_BUNDLE_IDENTIFIER = com.gergelynemeth.Moonshot;
				PRODUCT_NAME = "$(TARGET_NAME)";
				PROVISIONING_PROFILE_SPECIFIER = "";
				SWIFT_VERSION = 5.0;
				TARGETED_DEVICE_FAMILY = "1,2";
			};
			name = Debug;
		};
		257F770F236C676C0003146A /* Release */ = {
			isa = XCBuildConfiguration;
			buildSettings = {
				ASSETCATALOG_COMPILER_APPICON_NAME = AppIcon;
				CODE_SIGN_STYLE = Manual;
				DEVELOPMENT_ASSET_PATHS = "\"Moonshot/Preview Content\"";
				DEVELOPMENT_TEAM = "";
				ENABLE_PREVIEWS = YES;
				INFOPLIST_FILE = Moonshot/Resources/Info.plist;
				LD_RUNPATH_SEARCH_PATHS = (
					"$(inherited)",
					"@executable_path/Frameworks",
				);
				PRODUCT_BUNDLE_IDENTIFIER = com.gergelynemeth.Moonshot;
				PRODUCT_NAME = "$(TARGET_NAME)";
				PROVISIONING_PROFILE_SPECIFIER = "";
				SWIFT_VERSION = 5.0;
				TARGETED_DEVICE_FAMILY = "1,2";
			};
			name = Release;
		};
/* End XCBuildConfiguration section */

/* Begin XCConfigurationList section */
		257F76F4236C676B0003146A /* Build configuration list for PBXProject "Moonshot" */ = {
			isa = XCConfigurationList;
			buildConfigurations = (
				257F770B236C676C0003146A /* Debug */,
				257F770C236C676C0003146A /* Release */,
			);
			defaultConfigurationIsVisible = 0;
			defaultConfigurationName = Release;
		};
		257F770D236C676C0003146A /* Build configuration list for PBXNativeTarget "Moonshot" */ = {
			isa = XCConfigurationList;
			buildConfigurations = (
				257F770E236C676C0003146A /* Debug */,
				257F770F236C676C0003146A /* Release */,
			);
			defaultConfigurationIsVisible = 0;
			defaultConfigurationName = Release;
		};
/* End XCConfigurationList section */
	};
	rootObject = 257F76F1236C676B0003146A /* Project object */;
}
