// !$*UTF8*$!
{
	archiveVersion = 1;
	classes = {
	};
	objectVersion = 50;
	objects = {

/* Begin PBXBuildFile section */
		258C2C1F239EF2AE002ED071 /* PeopleListViewModel.swift in Sources */ = {isa = PBXBuildFile; fileRef = 258C2C1E239EF2AE002ED071 /* PeopleListViewModel.swift */; };
		258C2C2A239EF600002ED071 /* PersonListItem.swift in Sources */ = {isa = PBXBuildFile; fileRef = 258C2C29239EF600002ED071 /* PersonListItem.swift */; };
		258C2C2C239EF80E002ED071 /* ImagePicker.swift in Sources */ = {isa = PBXBuildFile; fileRef = 258C2C2B239EF80E002ED071 /* ImagePicker.swift */; };
		258C2C35239F003C002ED071 /* PersonAddView.swift in Sources */ = {isa = PBXBuildFile; fileRef = 258C2C34239F003C002ED071 /* PersonAddView.swift */; };
		258C2C37239F0045002ED071 /* PersonAddViewModel.swift in Sources */ = {isa = PBXBuildFile; fileRef = 258C2C36239F0045002ED071 /* PersonAddViewModel.swift */; };
		258C2C39239F00B6002ED071 /* DataServiceMock.swift in Sources */ = {isa = PBXBuildFile; fileRef = 258C2C38239F00B6002ED071 /* DataServiceMock.swift */; };
		25B48E6F23A01C2E00A1D5B2 /* Person+CoreDataClass.swift in Sources */ = {isa = PBXBuildFile; fileRef = 25B48E6D23A01C2E00A1D5B2 /* Person+CoreDataClass.swift */; };
		25B48E7023A01C2E00A1D5B2 /* Person+CoreDataProperties.swift in Sources */ = {isa = PBXBuildFile; fileRef = 25B48E6E23A01C2E00A1D5B2 /* Person+CoreDataProperties.swift */; };
		25B48E7223A01C8100A1D5B2 /* LocationFetcher.swift in Sources */ = {isa = PBXBuildFile; fileRef = 25B48E7123A01C8100A1D5B2 /* LocationFetcher.swift */; };
		25B48E7423A01D5A00A1D5B2 /* MapView.swift in Sources */ = {isa = PBXBuildFile; fileRef = 25B48E7323A01D5A00A1D5B2 /* MapView.swift */; };
		25FECCFD239F047E004FA452 /* FileManagerExtensions.swift in Sources */ = {isa = PBXBuildFile; fileRef = 25FECCFC239F047E004FA452 /* FileManagerExtensions.swift */; };
		25FECD00239F0A76004FA452 /* PersonDetailView.swift in Sources */ = {isa = PBXBuildFile; fileRef = 25FECCFF239F0A76004FA452 /* PersonDetailView.swift */; };
		95CE8889239EAE57007C113D /* AppDelegate.swift in Sources */ = {isa = PBXBuildFile; fileRef = 95CE8888239EAE57007C113D /* AppDelegate.swift */; };
		95CE888B239EAE57007C113D /* SceneDelegate.swift in Sources */ = {isa = PBXBuildFile; fileRef = 95CE888A239EAE57007C113D /* SceneDelegate.swift */; };
		95CE888E239EAE57007C113D /* FaceMeetup.xcdatamodeld in Sources */ = {isa = PBXBuildFile; fileRef = 95CE888C239EAE57007C113D /* FaceMeetup.xcdatamodeld */; };
		95CE8892239EAE5A007C113D /* Assets.xcassets in Resources */ = {isa = PBXBuildFile; fileRef = 95CE8891239EAE5A007C113D /* Assets.xcassets */; };
		95CE8895239EAE5A007C113D /* Preview Assets.xcassets in Resources */ = {isa = PBXBuildFile; fileRef = 95CE8894239EAE5A007C113D /* Preview Assets.xcassets */; };
		95CE8898239EAE5A007C113D /* LaunchScreen.storyboard in Resources */ = {isa = PBXBuildFile; fileRef = 95CE8896239EAE5A007C113D /* LaunchScreen.storyboard */; };
		95CE88A0239EAE83007C113D /* CoreDataService.swift in Sources */ = {isa = PBXBuildFile; fileRef = 95CE889F239EAE83007C113D /* CoreDataService.swift */; };
		95CE88A2239EAF05007C113D /* PeopleListView.swift in Sources */ = {isa = PBXBuildFile; fileRef = 95CE88A1239EAF05007C113D /* PeopleListView.swift */; };
/* End PBXBuildFile section */

/* Begin PBXFileReference section */
		258C2C1E239EF2AE002ED071 /* PeopleListViewModel.swift */ = {isa = PBXFileReference; lastKnownFileType = sourcecode.swift; path = PeopleListViewModel.swift; sourceTree = "<group>"; };
		258C2C29239EF600002ED071 /* PersonListItem.swift */ = {isa = PBXFileReference; lastKnownFileType = sourcecode.swift; path = PersonListItem.swift; sourceTree = "<group>"; };
		258C2C2B239EF80E002ED071 /* ImagePicker.swift */ = {isa = PBXFileReference; fileEncoding = 4; lastKnownFileType = sourcecode.swift; path = ImagePicker.swift; sourceTree = "<group>"; };
		258C2C34239F003C002ED071 /* PersonAddView.swift */ = {isa = PBXFileReference; lastKnownFileType = sourcecode.swift; path = PersonAddView.swift; sourceTree = "<group>"; };
		258C2C36239F0045002ED071 /* PersonAddViewModel.swift */ = {isa = PBXFileReference; lastKnownFileType = sourcecode.swift; path = PersonAddViewModel.swift; sourceTree = "<group>"; };
		258C2C38239F00B6002ED071 /* DataServiceMock.swift */ = {isa = PBXFileReference; lastKnownFileType = sourcecode.swift; path = DataServiceMock.swift; sourceTree = "<group>"; };
		25B48E6D23A01C2E00A1D5B2 /* Person+CoreDataClass.swift */ = {isa = PBXFileReference; lastKnownFileType = sourcecode.swift; path = "Person+CoreDataClass.swift"; sourceTree = "<group>"; };
		25B48E6E23A01C2E00A1D5B2 /* Person+CoreDataProperties.swift */ = {isa = PBXFileReference; lastKnownFileType = sourcecode.swift; path = "Person+CoreDataProperties.swift"; sourceTree = "<group>"; };
		25B48E7123A01C8100A1D5B2 /* LocationFetcher.swift */ = {isa = PBXFileReference; lastKnownFileType = sourcecode.swift; path = LocationFetcher.swift; sourceTree = "<group>"; };
		25B48E7323A01D5A00A1D5B2 /* MapView.swift */ = {isa = PBXFileReference; fileEncoding = 4; lastKnownFileType = sourcecode.swift; name = MapView.swift; path = ../../../BucketList/BucketList/MapView.swift; sourceTree = "<group>"; };
		25FECCFC239F047E004FA452 /* FileManagerExtensions.swift */ = {isa = PBXFileReference; lastKnownFileType = sourcecode.swift; path = FileManagerExtensions.swift; sourceTree = "<group>"; };
		25FECCFF239F0A76004FA452 /* PersonDetailView.swift */ = {isa = PBXFileReference; lastKnownFileType = sourcecode.swift; path = PersonDetailView.swift; sourceTree = "<group>"; };
		95CE8885239EAE57007C113D /* FaceMeetup.app */ = {isa = PBXFileReference; explicitFileType = wrapper.application; includeInIndex = 0; path = FaceMeetup.app; sourceTree = BUILT_PRODUCTS_DIR; };
		95CE8888239EAE57007C113D /* AppDelegate.swift */ = {isa = PBXFileReference; lastKnownFileType = sourcecode.swift; path = AppDelegate.swift; sourceTree = "<group>"; };
		95CE888A239EAE57007C113D /* SceneDelegate.swift */ = {isa = PBXFileReference; lastKnownFileType = sourcecode.swift; path = SceneDelegate.swift; sourceTree = "<group>"; };
		95CE888D239EAE57007C113D /* FaceMeetup.xcdatamodel */ = {isa = PBXFileReference; lastKnownFileType = wrapper.xcdatamodel; path = FaceMeetup.xcdatamodel; sourceTree = "<group>"; };
		95CE8891239EAE5A007C113D /* Assets.xcassets */ = {isa = PBXFileReference; lastKnownFileType = folder.assetcatalog; path = Assets.xcassets; sourceTree = "<group>"; };
		95CE8894239EAE5A007C113D /* Preview Assets.xcassets */ = {isa = PBXFileReference; lastKnownFileType = folder.assetcatalog; path = "Preview Assets.xcassets"; sourceTree = "<group>"; };
		95CE8897239EAE5A007C113D /* Base */ = {isa = PBXFileReference; lastKnownFileType = file.storyboard; name = Base; path = Base.lproj/LaunchScreen.storyboard; sourceTree = "<group>"; };
		95CE8899239EAE5A007C113D /* Info.plist */ = {isa = PBXFileReference; lastKnownFileType = text.plist.xml; path = Info.plist; sourceTree = "<group>"; };
		95CE889F239EAE83007C113D /* CoreDataService.swift */ = {isa = PBXFileReference; lastKnownFileType = sourcecode.swift; path = CoreDataService.swift; sourceTree = "<group>"; };
		95CE88A1239EAF05007C113D /* PeopleListView.swift */ = {isa = PBXFileReference; lastKnownFileType = sourcecode.swift; path = PeopleListView.swift; sourceTree = "<group>"; };
/* End PBXFileReference section */

/* Begin PBXFrameworksBuildPhase section */
		95CE8882239EAE57007C113D /* Frameworks */ = {
			isa = PBXFrameworksBuildPhase;
			buildActionMask = 2147483647;
			files = (
			);
			runOnlyForDeploymentPostprocessing = 0;
		};
/* End PBXFrameworksBuildPhase section */

/* Begin PBXGroup section */
		258C2C1D239EF0EB002ED071 /* Componenets */ = {
			isa = PBXGroup;
			children = (
				258C2C2B239EF80E002ED071 /* ImagePicker.swift */,
				25B48E7323A01D5A00A1D5B2 /* MapView.swift */,
			);
			path = Componenets;
			sourceTree = "<group>";
		};
		258C2C27239EF5AC002ED071 /* Generated */ = {
			isa = PBXGroup;
			children = (
				25B48E6D23A01C2E00A1D5B2 /* Person+CoreDataClass.swift */,
				25B48E6E23A01C2E00A1D5B2 /* Person+CoreDataProperties.swift */,
			);
			path = Generated;
			sourceTree = "<group>";
		};
		258C2C28239EF5ED002ED071 /* Models */ = {
			isa = PBXGroup;
			children = (
				258C2C29239EF600002ED071 /* PersonListItem.swift */,
			);
			path = Models;
			sourceTree = "<group>";
		};
		258C2C33239F0028002ED071 /* PersonAdd */ = {
			isa = PBXGroup;
			children = (
				258C2C34239F003C002ED071 /* PersonAddView.swift */,
				258C2C36239F0045002ED071 /* PersonAddViewModel.swift */,
			);
			path = PersonAdd;
			sourceTree = "<group>";
		};
		25FECCFB239F0464004FA452 /* Helpers */ = {
			isa = PBXGroup;
			children = (
				25FECCFC239F047E004FA452 /* FileManagerExtensions.swift */,
				25B48E7123A01C8100A1D5B2 /* LocationFetcher.swift */,
			);
			path = Helpers;
			sourceTree = "<group>";
		};
		25FECCFE239F0A60004FA452 /* PersonDetail */ = {
			isa = PBXGroup;
			children = (
				25FECCFF239F0A76004FA452 /* PersonDetailView.swift */,
			);
			path = PersonDetail;
			sourceTree = "<group>";
		};
		95CE887C239EAE57007C113D = {
			isa = PBXGroup;
			children = (
				95CE8887239EAE57007C113D /* FaceMeetup */,
				95CE8886239EAE57007C113D /* Products */,
			);
			sourceTree = "<group>";
		};
		95CE8886239EAE57007C113D /* Products */ = {
			isa = PBXGroup;
			children = (
				95CE8885239EAE57007C113D /* FaceMeetup.app */,
			);
			name = Products;
			sourceTree = "<group>";
		};
		95CE8887239EAE57007C113D /* FaceMeetup */ = {
			isa = PBXGroup;
			children = (
				25FECCFB239F0464004FA452 /* Helpers */,
				258C2C1D239EF0EB002ED071 /* Componenets */,
				95CE88A3239EAF0B007C113D /* Modules */,
				95CE88A5239EAF65007C113D /* Services */,
				95CE88A4239EAF15007C113D /* Supporting Files */,
			);
			path = FaceMeetup;
			sourceTree = "<group>";
		};
		95CE8893239EAE5A007C113D /* Preview Content */ = {
			isa = PBXGroup;
			children = (
				95CE8894239EAE5A007C113D /* Preview Assets.xcassets */,
			);
			path = "Preview Content";
			sourceTree = "<group>";
		};
		95CE88A3239EAF0B007C113D /* Modules */ = {
			isa = PBXGroup;
			children = (
				95CE88A6239EAF85007C113D /* PeopleList */,
				258C2C33239F0028002ED071 /* PersonAdd */,
				25FECCFE239F0A60004FA452 /* PersonDetail */,
			);
			path = Modules;
			sourceTree = "<group>";
		};
		95CE88A4239EAF15007C113D /* Supporting Files */ = {
			isa = PBXGroup;
			children = (
				95CE8888239EAE57007C113D /* AppDelegate.swift */,
				95CE8891239EAE5A007C113D /* Assets.xcassets */,
				95CE888C239EAE57007C113D /* FaceMeetup.xcdatamodeld */,
				95CE8899239EAE5A007C113D /* Info.plist */,
				95CE8896239EAE5A007C113D /* LaunchScreen.storyboard */,
				95CE8893239EAE5A007C113D /* Preview Content */,
				95CE888A239EAE57007C113D /* SceneDelegate.swift */,
			);
			path = "Supporting Files";
			sourceTree = "<group>";
		};
		95CE88A5239EAF65007C113D /* Services */ = {
			isa = PBXGroup;
			children = (
				95CE889F239EAE83007C113D /* CoreDataService.swift */,
				258C2C38239F00B6002ED071 /* DataServiceMock.swift */,
				258C2C27239EF5AC002ED071 /* Generated */,
			);
			path = Services;
			sourceTree = "<group>";
		};
		95CE88A6239EAF85007C113D /* PeopleList */ = {
			isa = PBXGroup;
			children = (
				258C2C28239EF5ED002ED071 /* Models */,
				95CE88A1239EAF05007C113D /* PeopleListView.swift */,
				258C2C1E239EF2AE002ED071 /* PeopleListViewModel.swift */,
			);
			path = PeopleList;
			sourceTree = "<group>";
		};
/* End PBXGroup section */

/* Begin PBXNativeTarget section */
		95CE8884239EAE57007C113D /* FaceMeetup */ = {
			isa = PBXNativeTarget;
			buildConfigurationList = 95CE889C239EAE5A007C113D /* Build configuration list for PBXNativeTarget "FaceMeetup" */;
			buildPhases = (
				95CE8881239EAE57007C113D /* Sources */,
				95CE8882239EAE57007C113D /* Frameworks */,
				95CE8883239EAE57007C113D /* Resources */,
			);
			buildRules = (
			);
			dependencies = (
			);
			name = FaceMeetup;
			productName = FaceMeetup;
			productReference = 95CE8885239EAE57007C113D /* FaceMeetup.app */;
			productType = "com.apple.product-type.application";
		};
/* End PBXNativeTarget section */

/* Begin PBXProject section */
		95CE887D239EAE57007C113D /* Project object */ = {
			isa = PBXProject;
			attributes = {
				LastSwiftUpdateCheck = 1120;
				LastUpgradeCheck = 1120;
				ORGANIZATIONNAME = "Gergely Németh";
				TargetAttributes = {
					95CE8884239EAE57007C113D = {
						CreatedOnToolsVersion = 11.2.1;
					};
				};
			};
			buildConfigurationList = 95CE8880239EAE57007C113D /* Build configuration list for PBXProject "FaceMeetup" */;
			compatibilityVersion = "Xcode 9.3";
			developmentRegion = en;
			hasScannedForEncodings = 0;
			knownRegions = (
				en,
				Base,
			);
			mainGroup = 95CE887C239EAE57007C113D;
			productRefGroup = 95CE8886239EAE57007C113D /* Products */;
			projectDirPath = "";
			projectRoot = "";
			targets = (
				95CE8884239EAE57007C113D /* FaceMeetup */,
			);
		};
/* End PBXProject section */

/* Begin PBXResourcesBuildPhase section */
		95CE8883239EAE57007C113D /* Resources */ = {
			isa = PBXResourcesBuildPhase;
			buildActionMask = 2147483647;
			files = (
				95CE8898239EAE5A007C113D /* LaunchScreen.storyboard in Resources */,
				95CE8895239EAE5A007C113D /* Preview Assets.xcassets in Resources */,
				95CE8892239EAE5A007C113D /* Assets.xcassets in Resources */,
			);
			runOnlyForDeploymentPostprocessing = 0;
		};
/* End PBXResourcesBuildPhase section */

/* Begin PBXSourcesBuildPhase section */
		95CE8881239EAE57007C113D /* Sources */ = {
			isa = PBXSourcesBuildPhase;
			buildActionMask = 2147483647;
			files = (
				95CE8889239EAE57007C113D /* AppDelegate.swift in Sources */,
				25FECCFD239F047E004FA452 /* FileManagerExtensions.swift in Sources */,
				95CE888E239EAE57007C113D /* FaceMeetup.xcdatamodeld in Sources */,
				258C2C1F239EF2AE002ED071 /* PeopleListViewModel.swift in Sources */,
				258C2C39239F00B6002ED071 /* DataServiceMock.swift in Sources */,
				95CE88A0239EAE83007C113D /* CoreDataService.swift in Sources */,
				258C2C2A239EF600002ED071 /* PersonListItem.swift in Sources */,
				25FECD00239F0A76004FA452 /* PersonDetailView.swift in Sources */,
				25B48E6F23A01C2E00A1D5B2 /* Person+CoreDataClass.swift in Sources */,
				25B48E7423A01D5A00A1D5B2 /* MapView.swift in Sources */,
				258C2C2C239EF80E002ED071 /* ImagePicker.swift in Sources */,
				25B48E7223A01C8100A1D5B2 /* LocationFetcher.swift in Sources */,
				258C2C35239F003C002ED071 /* PersonAddView.swift in Sources */,
				25B48E7023A01C2E00A1D5B2 /* Person+CoreDataProperties.swift in Sources */,
				95CE888B239EAE57007C113D /* SceneDelegate.swift in Sources */,
				95CE88A2239EAF05007C113D /* PeopleListView.swift in Sources */,
				258C2C37239F0045002ED071 /* PersonAddViewModel.swift in Sources */,
			);
			runOnlyForDeploymentPostprocessing = 0;
		};
/* End PBXSourcesBuildPhase section */

/* Begin PBXVariantGroup section */
		95CE8896239EAE5A007C113D /* LaunchScreen.storyboard */ = {
			isa = PBXVariantGroup;
			children = (
				95CE8897239EAE5A007C113D /* Base */,
			);
			name = LaunchScreen.storyboard;
			sourceTree = "<group>";
		};
/* End PBXVariantGroup section */

/* Begin XCBuildConfiguration section */
		95CE889A239EAE5A007C113D /* Debug */ = {
			isa = XCBuildConfiguration;
			buildSettings = {
				ALWAYS_SEARCH_USER_PATHS = NO;
				CLANG_ANALYZER_NONNULL = YES;
				CLANG_ANALYZER_NUMBER_OBJECT_CONVERSION = YES_AGGRESSIVE;
				CLANG_CXX_LANGUAGE_STANDARD = "gnu++14";
				CLANG_CXX_LIBRARY = "libc++";
				CLANG_ENABLE_MODULES = YES;
				CLANG_ENABLE_OBJC_ARC = YES;
				CLANG_ENABLE_OBJC_WEAK = YES;
				CLANG_WARN_BLOCK_CAPTURE_AUTORELEASING = YES;
				CLANG_WARN_BOOL_CONVERSION = YES;
				CLANG_WARN_COMMA = YES;
				CLANG_WARN_CONSTANT_CONVERSION = YES;
				CLANG_WARN_DEPRECATED_OBJC_IMPLEMENTATIONS = YES;
				CLANG_WARN_DIRECT_OBJC_ISA_USAGE = YES_ERROR;
				CLANG_WARN_DOCUMENTATION_COMMENTS = YES;
				CLANG_WARN_EMPTY_BODY = YES;
				CLANG_WARN_ENUM_CONVERSION = YES;
				CLANG_WARN_INFINITE_RECURSION = YES;
				CLANG_WARN_INT_CONVERSION = YES;
				CLANG_WARN_NON_LITERAL_NULL_CONVERSION = YES;
				CLANG_WARN_OBJC_IMPLICIT_RETAIN_SELF = YES;
				CLANG_WARN_OBJC_LITERAL_CONVERSION = YES;
				CLANG_WARN_OBJC_ROOT_CLASS = YES_ERROR;
				CLANG_WARN_RANGE_LOOP_ANALYSIS = YES;
				CLANG_WARN_STRICT_PROTOTYPES = YES;
				CLANG_WARN_SUSPICIOUS_MOVE = YES;
				CLANG_WARN_UNGUARDED_AVAILABILITY = YES_AGGRESSIVE;
				CLANG_WARN_UNREACHABLE_CODE = YES;
				CLANG_WARN__DUPLICATE_METHOD_MATCH = YES;
				COPY_PHASE_STRIP = NO;
				DEBUG_INFORMATION_FORMAT = dwarf;
				ENABLE_STRICT_OBJC_MSGSEND = YES;
				ENABLE_TESTABILITY = YES;
				GCC_C_LANGUAGE_STANDARD = gnu11;
				GCC_DYNAMIC_NO_PIC = NO;
				GCC_NO_COMMON_BLOCKS = YES;
				GCC_OPTIMIZATION_LEVEL = 0;
				GCC_PREPROCESSOR_DEFINITIONS = (
					"DEBUG=1",
					"$(inherited)",
				);
				GCC_WARN_64_TO_32_BIT_CONVERSION = YES;
				GCC_WARN_ABOUT_RETURN_TYPE = YES_ERROR;
				GCC_WARN_UNDECLARED_SELECTOR = YES;
				GCC_WARN_UNINITIALIZED_AUTOS = YES_AGGRESSIVE;
				GCC_WARN_UNUSED_FUNCTION = YES;
				GCC_WARN_UNUSED_VARIABLE = YES;
				IPHONEOS_DEPLOYMENT_TARGET = 13.2;
				MTL_ENABLE_DEBUG_INFO = INCLUDE_SOURCE;
				MTL_FAST_MATH = YES;
				ONLY_ACTIVE_ARCH = YES;
				SDKROOT = iphoneos;
				SWIFT_ACTIVE_COMPILATION_CONDITIONS = DEBUG;
				SWIFT_OPTIMIZATION_LEVEL = "-Onone";
			};
			name = Debug;
		};
		95CE889B239EAE5A007C113D /* Release */ = {
			isa = XCBuildConfiguration;
			buildSettings = {
				ALWAYS_SEARCH_USER_PATHS = NO;
				CLANG_ANALYZER_NONNULL = YES;
				CLANG_ANALYZER_NUMBER_OBJECT_CONVERSION = YES_AGGRESSIVE;
				CLANG_CXX_LANGUAGE_STANDARD = "gnu++14";
				CLANG_CXX_LIBRARY = "libc++";
				CLANG_ENABLE_MODULES = YES;
				CLANG_ENABLE_OBJC_ARC = YES;
				CLANG_ENABLE_OBJC_WEAK = YES;
				CLANG_WARN_BLOCK_CAPTURE_AUTORELEASING = YES;
				CLANG_WARN_BOOL_CONVERSION = YES;
				CLANG_WARN_COMMA = YES;
				CLANG_WARN_CONSTANT_CONVERSION = YES;
				CLANG_WARN_DEPRECATED_OBJC_IMPLEMENTATIONS = YES;
				CLANG_WARN_DIRECT_OBJC_ISA_USAGE = YES_ERROR;
				CLANG_WARN_DOCUMENTATION_COMMENTS = YES;
				CLANG_WARN_EMPTY_BODY = YES;
				CLANG_WARN_ENUM_CONVERSION = YES;
				CLANG_WARN_INFINITE_RECURSION = YES;
				CLANG_WARN_INT_CONVERSION = YES;
				CLANG_WARN_NON_LITERAL_NULL_CONVERSION = YES;
				CLANG_WARN_OBJC_IMPLICIT_RETAIN_SELF = YES;
				CLANG_WARN_OBJC_LITERAL_CONVERSION = YES;
				CLANG_WARN_OBJC_ROOT_CLASS = YES_ERROR;
				CLANG_WARN_RANGE_LOOP_ANALYSIS = YES;
				CLANG_WARN_STRICT_PROTOTYPES = YES;
				CLANG_WARN_SUSPICIOUS_MOVE = YES;
				CLANG_WARN_UNGUARDED_AVAILABILITY = YES_AGGRESSIVE;
				CLANG_WARN_UNREACHABLE_CODE = YES;
				CLANG_WARN__DUPLICATE_METHOD_MATCH = YES;
				COPY_PHASE_STRIP = NO;
				DEBUG_INFORMATION_FORMAT = "dwarf-with-dsym";
				ENABLE_NS_ASSERTIONS = NO;
				ENABLE_STRICT_OBJC_MSGSEND = YES;
				GCC_C_LANGUAGE_STANDARD = gnu11;
				GCC_NO_COMMON_BLOCKS = YES;
				GCC_WARN_64_TO_32_BIT_CONVERSION = YES;
				GCC_WARN_ABOUT_RETURN_TYPE = YES_ERROR;
				GCC_WARN_UNDECLARED_SELECTOR = YES;
				GCC_WARN_UNINITIALIZED_AUTOS = YES_AGGRESSIVE;
				GCC_WARN_UNUSED_FUNCTION = YES;
				GCC_WARN_UNUSED_VARIABLE = YES;
				IPHONEOS_DEPLOYMENT_TARGET = 13.2;
				MTL_ENABLE_DEBUG_INFO = NO;
				MTL_FAST_MATH = YES;
				SDKROOT = iphoneos;
				SWIFT_COMPILATION_MODE = wholemodule;
				SWIFT_OPTIMIZATION_LEVEL = "-O";
				VALIDATE_PRODUCT = YES;
			};
			name = Release;
		};
		95CE889D239EAE5A007C113D /* Debug */ = {
			isa = XCBuildConfiguration;
			buildSettings = {
				ASSETCATALOG_COMPILER_APPICON_NAME = AppIcon;
				CODE_SIGN_STYLE = Automatic;
				DEVELOPMENT_ASSET_PATHS = "\"FaceMeetup/Supporting Files/Preview Content\"";
				DEVELOPMENT_TEAM = GV33PCCLKG;
				ENABLE_PREVIEWS = YES;
				INFOPLIST_FILE = "FaceMeetup/Supporting Files/Info.plist";
				LD_RUNPATH_SEARCH_PATHS = (
					"$(inherited)",
					"@executable_path/Frameworks",
				);
				PRODUCT_BUNDLE_IDENTIFIER = com.gergelynemeth.FaceMeetup;
				PRODUCT_NAME = "$(TARGET_NAME)";
				SWIFT_VERSION = 5.0;
				TARGETED_DEVICE_FAMILY = "1,2";
			};
			name = Debug;
		};
		95CE889E239EAE5A007C113D /* Release */ = {
			isa = XCBuildConfiguration;
			buildSettings = {
				ASSETCATALOG_COMPILER_APPICON_NAME = AppIcon;
				CODE_SIGN_STYLE = Automatic;
				DEVELOPMENT_ASSET_PATHS = "\"FaceMeetup/Supporting Files/Preview Content\"";
				DEVELOPMENT_TEAM = GV33PCCLKG;
				ENABLE_PREVIEWS = YES;
				INFOPLIST_FILE = "FaceMeetup/Supporting Files/Info.plist";
				LD_RUNPATH_SEARCH_PATHS = (
					"$(inherited)",
					"@executable_path/Frameworks",
				);
				PRODUCT_BUNDLE_IDENTIFIER = com.gergelynemeth.FaceMeetup;
				PRODUCT_NAME = "$(TARGET_NAME)";
				SWIFT_VERSION = 5.0;
				TARGETED_DEVICE_FAMILY = "1,2";
			};
			name = Release;
		};
/* End XCBuildConfiguration section */

/* Begin XCConfigurationList section */
		95CE8880239EAE57007C113D /* Build configuration list for PBXProject "FaceMeetup" */ = {
			isa = XCConfigurationList;
			buildConfigurations = (
				95CE889A239EAE5A007C113D /* Debug */,
				95CE889B239EAE5A007C113D /* Release */,
			);
			defaultConfigurationIsVisible = 0;
			defaultConfigurationName = Release;
		};
		95CE889C239EAE5A007C113D /* Build configuration list for PBXNativeTarget "FaceMeetup" */ = {
			isa = XCConfigurationList;
			buildConfigurations = (
				95CE889D239EAE5A007C113D /* Debug */,
				95CE889E239EAE5A007C113D /* Release */,
			);
			defaultConfigurationIsVisible = 0;
			defaultConfigurationName = Release;
		};
/* End XCConfigurationList section */

/* Begin XCVersionGroup section */
		95CE888C239EAE57007C113D /* FaceMeetup.xcdatamodeld */ = {
			isa = XCVersionGroup;
			children = (
				95CE888D239EAE57007C113D /* FaceMeetup.xcdatamodel */,
			);
			currentVersion = 95CE888D239EAE57007C113D /* FaceMeetup.xcdatamodel */;
			path = FaceMeetup.xcdatamodeld;
			sourceTree = "<group>";
			versionGroupType = wrapper.xcdatamodel;
		};
/* End XCVersionGroup section */
	};
	rootObject = 95CE887D239EAE57007C113D /* Project object */;
}
